# THIS IS AN AUTOGENERATED FILE. DO NOT EDIT THIS FILE DIRECTLY.
# yarn lockfile v1


"@colors/colors@1.5.0":
  version "1.5.0"
  resolved "https://registry.yarnpkg.com/@colors/colors/-/colors-1.5.0.tgz#bb504579c1cae923e6576a4f5da43d25f97bdbd9"
  integrity sha512-ooWCrlZP11i8GImSjTHYHLkvFDP48nS4+204nGb1RiX/WXYHmJA2III9/e2DWVabCESdW7hBAEzHRqUn9OUVvQ==

"@dabh/diagnostics@^2.0.2":
  version "2.0.3"
  resolved "https://registry.yarnpkg.com/@dabh/diagnostics/-/diagnostics-2.0.3.tgz#7f7e97ee9a725dffc7808d93668cc984e1dc477a"
  integrity sha512-hrlQOIi7hAfzsMqlGSFyVucrx38O+j6wiGOf//H2ecvIEqYN4ADBSS2iLMh5UFyDunCNniUIPk/q3riFv45xRA==
  dependencies:
    colorspace "1.1.x"
    enabled "2.0.x"
    kuler "^2.0.0"

"@discordjs/builders@^1.2.0":
  version "1.2.0"
  resolved "https://registry.yarnpkg.com/@discordjs/builders/-/builders-1.2.0.tgz#4f5059e258c30a26931ae384985ef8c6b371ba05"
  integrity sha512-ARy4BUTMU+S0ZI6605NDqfWO+qZqV2d/xfY32z3hVSsd9IaAKJBZ1ILTZLy87oIjW8+gUpQmk9Kt0ZP9bmmd8Q==
  dependencies:
    "@sapphire/shapeshift" "^3.5.1"
    discord-api-types "^0.37.3"
    fast-deep-equal "^3.1.3"
    ts-mixer "^6.0.1"
    tslib "^2.4.0"

"@discordjs/collection@^1.0.1", "@discordjs/collection@^1.1.0":
  version "1.1.0"
  resolved "https://registry.yarnpkg.com/@discordjs/collection/-/collection-1.1.0.tgz#5f9f926404fd48ccde86a0d2268f202cbec77833"
  integrity sha512-PQ2Bv6pnT7aGPCKWbvvNRww5tYCGpggIQVgpuF9TdDPeR6n6vQYxezXiLVOS9z2B62Dp4c+qepQ15SgJbLYtCQ==

"@discordjs/rest@^1.1.0":
  version "1.1.0"
  resolved "https://registry.yarnpkg.com/@discordjs/rest/-/rest-1.1.0.tgz#5c283571a22b911ca334316245487af40baffe8b"
  integrity sha512-yCrthRTQeUyNThQEpCk7bvQJlwQmz6kU0tf3dcWBv2WX3Bncl41x7Wc+v5b5OsIxfNYq38PvVtWircu9jtYZug==
  dependencies:
    "@discordjs/collection" "^1.0.1"
    "@sapphire/async-queue" "^1.5.0"
    "@sapphire/snowflake" "^3.2.2"
    discord-api-types "^0.37.3"
    file-type "^17.1.6"
    tslib "^2.4.0"
    undici "^5.9.1"

"@sapphire/async-queue@^1.5.0":
  version "1.5.0"
  resolved "https://registry.yarnpkg.com/@sapphire/async-queue/-/async-queue-1.5.0.tgz#2f255a3f186635c4fb5a2381e375d3dfbc5312d8"
  integrity sha512-JkLdIsP8fPAdh9ZZjrbHWR/+mZj0wvKS5ICibcLrRI1j84UmLMshx5n9QmL8b95d4onJ2xxiyugTgSAX7AalmA==

"@sapphire/shapeshift@^3.5.1":
  version "3.5.1"
  resolved "https://registry.yarnpkg.com/@sapphire/shapeshift/-/shapeshift-3.5.1.tgz#3bfd0e6bcfdced4ac26a6f450b5f7b8e49f4f2cc"
  integrity sha512-7JFsW5IglyOIUQI1eE0g6h06D/Far6HqpcowRScgCiLSqTf3hhkPWCWotVTtVycnDCMYIwPeaw6IEPBomKC8pA==
  dependencies:
    fast-deep-equal "^3.1.3"
    lodash.uniqwith "^4.5.0"

"@sapphire/snowflake@^3.2.2":
  version "3.2.2"
  resolved "https://registry.yarnpkg.com/@sapphire/snowflake/-/snowflake-3.2.2.tgz#faacdc1b5f7c43145a71eddba917de2b707ef780"
  integrity sha512-ula2O0kpSZtX9rKXNeQMrHwNd7E4jPDJYUXmEGTFdMRfyfMw+FPyh04oKMjAiDuOi64bYgVkOV3MjK+loImFhQ==

"@tokenizer/token@^0.3.0":
  version "0.3.0"
  resolved "https://registry.yarnpkg.com/@tokenizer/token/-/token-0.3.0.tgz#fe98a93fe789247e998c75e74e9c7c63217aa276"
  integrity sha512-OvjF+z51L3ov0OyAU0duzsYuvO01PH7x4t6DJx+guahgTnBHkhJdG7soQeTSFLWN3efnHyibZ4Z8l2EuWwJN3A==

"@types/node-os-utils@^1.3.0":
  version "1.3.0"
  resolved "https://registry.yarnpkg.com/@types/node-os-utils/-/node-os-utils-1.3.0.tgz#df06d65292a4ccf99d332e39c4f64e94c538fad5"
  integrity sha512-XwVteWQx/XkfRPyaGkw8dEbrCAkoRZ73pI3XznUYIpzbCfpQB3UnDlR5TnmdhetlT889tUJGF8QWo9xrgTpsiA==

"@types/node@*":
  version "18.7.13"
  resolved "https://registry.yarnpkg.com/@types/node/-/node-18.7.13.tgz#23e6c5168333480d454243378b69e861ab5c011a"
  integrity sha512-46yIhxSe5xEaJZXWdIBP7GU4HDTG8/eo0qd9atdiL+lFpA03y8KS+lkTN834TWJj5767GbWv4n/P6efyTFt1Dw==

"@types/node@^16.11.43":
  version "16.11.56"
  resolved "https://registry.yarnpkg.com/@types/node/-/node-16.11.56.tgz#dcbb617669481e158e0f1c6204d1c768cd675901"
  integrity sha512-aFcUkv7EddxxOa/9f74DINReQ/celqH8DiB3fRYgVDM2Xm5QJL8sl80QKuAnGvwAsMn+H3IFA6WCrQh1CY7m1A==

"@types/ws@^8.5.3":
  version "8.5.3"
  resolved "https://registry.yarnpkg.com/@types/ws/-/ws-8.5.3.tgz#7d25a1ffbecd3c4f2d35068d0b283c037003274d"
  integrity sha512-6YOoWjruKj1uLf3INHH7D3qTXwFfEsg1kf3c0uDdSBJwfa/llkwIjrAGV7j7mVgGNbzTQ3HiHKKDXl6bJPD97w==
  dependencies:
    "@types/node" "*"

async@^3.2.3:
  version "3.2.4"
  resolved "https://registry.yarnpkg.com/async/-/async-3.2.4.tgz#2d22e00f8cddeb5fde5dd33522b56d1cf569a81c"
  integrity sha512-iAB+JbDEGXhyIUavoDl9WP/Jj106Kz9DEn1DPgYw5ruDn0e3Wgi3sKFm55sASdGBNOQB8F59d9qQ7deqrHA8wQ==

color-convert@^1.9.3:
  version "1.9.3"
  resolved "https://registry.yarnpkg.com/color-convert/-/color-convert-1.9.3.tgz#bb71850690e1f136567de629d2d5471deda4c1e8"
  integrity sha512-QfAUtd+vFdAtFQcC8CCyYt1fYWxSqAiK2cSD6zDB8N3cpsEBAvRxp9zOGg6G/SHHJYAT88/az/IuDGALsNVbGg==
  dependencies:
    color-name "1.1.3"

color-name@1.1.3:
  version "1.1.3"
  resolved "https://registry.yarnpkg.com/color-name/-/color-name-1.1.3.tgz#a7d0558bd89c42f795dd42328f740831ca53bc25"
  integrity sha512-72fSenhMw2HZMTVHeCA9KCmpEIbzWiQsjN+BHcBbS9vr1mtt+vJjPdksIBNUmKAW8TFUDPJK5SUU3QhE9NEXDw==

color-name@^1.0.0:
  version "1.1.4"
  resolved "https://registry.yarnpkg.com/color-name/-/color-name-1.1.4.tgz#c2a09a87acbde69543de6f63fa3995c826c536a2"
  integrity sha512-dOy+3AuW3a2wNbZHIuMZpTcgjGuLU/uBL/ubcZF9OXbDo8ff4O8yVp5Bf0efS8uEoYo5q4Fx7dY9OgQGXgAsQA==

color-string@^1.6.0:
  version "1.9.1"
  resolved "https://registry.yarnpkg.com/color-string/-/color-string-1.9.1.tgz#4467f9146f036f855b764dfb5bf8582bf342c7a4"
  integrity sha512-shrVawQFojnZv6xM40anx4CkoDP+fZsw/ZerEMsW/pyzsRbElpsL/DBVW7q3ExxwusdNXI3lXpuhEZkzs8p5Eg==
  dependencies:
    color-name "^1.0.0"
    simple-swizzle "^0.2.2"

color@^3.1.3:
  version "3.2.1"
  resolved "https://registry.yarnpkg.com/color/-/color-3.2.1.tgz#3544dc198caf4490c3ecc9a790b54fe9ff45e164"
  integrity sha512-aBl7dZI9ENN6fUGC7mWpMTPNHmWUSNan9tuWN6ahh5ZLNk9baLJOnSMlrQkHcrfFgz2/RigjUVAjdx36VcemKA==
  dependencies:
    color-convert "^1.9.3"
    color-string "^1.6.0"

colorspace@1.1.x:
  version "1.1.4"
  resolved "https://registry.yarnpkg.com/colorspace/-/colorspace-1.1.4.tgz#8d442d1186152f60453bf8070cd66eb364e59243"
  integrity sha512-BgvKJiuVu1igBUF2kEjRCZXol6wiiGbY5ipL/oVPwm0BL9sIpMIzM8IK7vwuxIIzOXMV3Ey5w+vxhm0rR/TN8w==
  dependencies:
    color "^3.1.3"
    text-hex "1.0.x"

discord-api-types@^0.37.3:
  version "0.37.5"
  resolved "https://registry.yarnpkg.com/discord-api-types/-/discord-api-types-0.37.5.tgz#e67d41d942913f0165fd1c075ac8c83428c48c67"
  integrity sha512-RhzoX02jw2M+n/AU5K74KTM4J8Sn3ZImUJvoA4lh+SDcrqi1ddSjrafciF4bECj4rPc2vHwoyyTNgbUwE8vbpA==

discord.js@^14.3.0:
  version "14.3.0"
  resolved "https://registry.yarnpkg.com/discord.js/-/discord.js-14.3.0.tgz#9e43df7e4d2d14b11f3de751236e983159c3d3d0"
  integrity sha512-CpIwoAAuELiHSgVKRMzsCADS6ZlJwAZ9RlvcJYdEgS00aW36dSvXyBgE+S3pigkc7G+jU6BEalMUWIJFveqrBQ==
  dependencies:
    "@discordjs/builders" "^1.2.0"
    "@discordjs/collection" "^1.1.0"
    "@discordjs/rest" "^1.1.0"
    "@sapphire/snowflake" "^3.2.2"
    "@types/ws" "^8.5.3"
    discord-api-types "^0.37.3"
    fast-deep-equal "^3.1.3"
    lodash.snakecase "^4.1.1"
    tslib "^2.4.0"
    undici "^5.9.1"
    ws "^8.8.1"

enabled@2.0.x:
  version "2.0.0"
  resolved "https://registry.yarnpkg.com/enabled/-/enabled-2.0.0.tgz#f9dd92ec2d6f4bbc0d5d1e64e21d61cd4665e7c2"
  integrity sha512-AKrN98kuwOzMIdAizXGI86UFBoo26CL21UM763y1h/GMSJ4/OHU9k2YlsmBpyScFo/wbLzWQJBMCW4+IO3/+OQ==

fast-deep-equal@^3.1.3:
  version "3.1.3"
  resolved "https://registry.yarnpkg.com/fast-deep-equal/-/fast-deep-equal-3.1.3.tgz#3a7d56b559d6cbc3eb512325244e619a65c6c525"
  integrity sha512-f3qQ9oQy9j2AhBe/H9VC91wLmKBCCU/gDOnKNAYG5hswO7BLKj09Hc5HYNz9cGI++xlpDCIgDaitVs03ATR84Q==

fecha@^4.2.0:
  version "4.2.3"
  resolved "https://registry.yarnpkg.com/fecha/-/fecha-4.2.3.tgz#4d9ccdbc61e8629b259fdca67e65891448d569fd"
  integrity sha512-OP2IUU6HeYKJi3i0z4A19kHMQoLVs4Hc+DPqqxI2h/DPZHTm/vjsfC6P0b4jCMy14XizLBqvndQ+UilD7707Jw==

file-stream-rotator@^0.6.1:
  version "0.6.1"
  resolved "https://registry.yarnpkg.com/file-stream-rotator/-/file-stream-rotator-0.6.1.tgz#007019e735b262bb6c6f0197e58e5c87cb96cec3"
  integrity sha512-u+dBid4PvZw17PmDeRcNOtCP9CCK/9lRN2w+r1xIS7yOL9JFrIBKTvrYsxT4P0pGtThYTn++QS5ChHaUov3+zQ==
  dependencies:
    moment "^2.29.1"

file-type@^17.1.6:
  version "17.1.6"
  resolved "https://registry.yarnpkg.com/file-type/-/file-type-17.1.6.tgz#18669e0577a4849ef6e73a41f8bdf1ab5ae21023"
  integrity sha512-hlDw5Ev+9e883s0pwUsuuYNu4tD7GgpUnOvykjv1Gya0ZIjuKumthDRua90VUn6/nlRKAjcxLUnHNTIUWwWIiw==
  dependencies:
    readable-web-to-node-stream "^3.0.2"
    strtok3 "^7.0.0-alpha.9"
    token-types "^5.0.0-alpha.2"

fn.name@1.x.x:
  version "1.1.0"
  resolved "https://registry.yarnpkg.com/fn.name/-/fn.name-1.1.0.tgz#26cad8017967aea8731bc42961d04a3d5988accc"
  integrity sha512-GRnmB5gPyJpAhTQdSZTSp9uaPSvl09KoYcMQtsB9rQoOmzs9dH6ffeccH+Z+cv6P68Hu5bC6JjRh4Ah/mHSNRw==

ieee754@^1.2.1:
  version "1.2.1"
  resolved "https://registry.yarnpkg.com/ieee754/-/ieee754-1.2.1.tgz#8eb7a10a63fff25d15a57b001586d177d1b0d352"
  integrity sha512-dcyqhDvX1C46lXZcVqCpK+FtMRQVdIMN6/Df5js2zouUsqG7I6sFxitIC+7KYK29KdXOLHdu9zL4sFnoVQnqaA==

inherits@^2.0.3:
  version "2.0.4"
  resolved "https://registry.yarnpkg.com/inherits/-/inherits-2.0.4.tgz#0fa2c64f932917c3433a0ded55363aae37416b7c"
  integrity sha512-k/vGaX4/Yla3WzyMCvTQOXYeIHvqOKtnqBduzTHpzpQZzAskKMhZ2K+EnBiSM9zGSoIFeMpXKxa4dYeZIQqewQ==

is-arrayish@^0.3.1:
  version "0.3.2"
  resolved "https://registry.yarnpkg.com/is-arrayish/-/is-arrayish-0.3.2.tgz#4574a2ae56f7ab206896fb431eaeed066fdf8f03"
  integrity sha512-eVRqCvVlZbuw3GrM63ovNSNAeA1K16kaR/LRY/92w0zxQ5/1YzwblUX652i4Xs9RwAGjW9d9y6X88t8OaAJfWQ==

is-stream@^2.0.0:
  version "2.0.1"
  resolved "https://registry.yarnpkg.com/is-stream/-/is-stream-2.0.1.tgz#fac1e3d53b97ad5a9d0ae9cef2389f5810a5c077"
  integrity sha512-hFoiJiTl63nn+kstHGBtewWSKnQLpyb155KHheA1l39uvtO9nWIop1p3udqPcUd/xbF1VLMO4n7OI6p7RbngDg==

kuler@^2.0.0:
  version "2.0.0"
  resolved "https://registry.yarnpkg.com/kuler/-/kuler-2.0.0.tgz#e2c570a3800388fb44407e851531c1d670b061b3"
  integrity sha512-Xq9nH7KlWZmXAtodXDDRE7vs6DU1gTU8zYDHDiWLSip45Egwq3plLHzPn27NgvzL2r1LMPC1vdqh98sQxtqj4A==

lodash.snakecase@^4.1.1:
  version "4.1.1"
  resolved "https://registry.yarnpkg.com/lodash.snakecase/-/lodash.snakecase-4.1.1.tgz#39d714a35357147837aefd64b5dcbb16becd8f8d"
  integrity sha512-QZ1d4xoBHYUeuouhEq3lk3Uq7ldgyFXGBhg04+oRLnIz8o9T65Eh+8YdroUwn846zchkA9yDsDl5CVVaV2nqYw==

lodash.uniqwith@^4.5.0:
  version "4.5.0"
  resolved "https://registry.yarnpkg.com/lodash.uniqwith/-/lodash.uniqwith-4.5.0.tgz#7a0cbf65f43b5928625a9d4d0dc54b18cadc7ef3"
  integrity sha512-7lYL8bLopMoy4CTICbxygAUq6CdRJ36vFc80DucPueUee+d5NBRxz3FdT9Pes/HEx5mPoT9jwnsEJWz1N7uq7Q==

logform@^2.3.2, logform@^2.4.0:
  version "2.4.2"
  resolved "https://registry.yarnpkg.com/logform/-/logform-2.4.2.tgz#a617983ac0334d0c3b942c34945380062795b47c"
  integrity sha512-W4c9himeAwXEdZ05dQNerhFz2XG80P9Oj0loPUMV23VC2it0orMHQhJm4hdnnor3rd1HsGf6a2lPwBM1zeXHGw==
  dependencies:
    "@colors/colors" "1.5.0"
    fecha "^4.2.0"
    ms "^2.1.1"
    safe-stable-stringify "^2.3.1"
    triple-beam "^1.3.0"

moment@^2.29.1:
  version "2.29.4"
  resolved "https://registry.yarnpkg.com/moment/-/moment-2.29.4.tgz#3dbe052889fe7c1b2ed966fcb3a77328964ef108"
  integrity sha512-5LC9SOxjSc2HF6vO2CyuTDNivEdoz2IvyJJGj6X8DJ0eFyfszE0QiEd+iXmBvUP3WHxSjFH/vIsA0EN00cgr8w==

ms@^2.1.1:
  version "2.1.3"
  resolved "https://registry.yarnpkg.com/ms/-/ms-2.1.3.tgz#574c8138ce1d2b5861f0b44579dbadd60c6615b2"
  integrity sha512-6FlzubTLZG3J2a/NVCAleEhjzq5oxgHyaCU9yYXvcLsvoVaHJq/s5xXI6/XXP6tz7R9xAOtHnSO/tXtF3WRTlA==

node-os-utils@^1.3.7:
  version "1.3.7"
  resolved "https://registry.yarnpkg.com/node-os-utils/-/node-os-utils-1.3.7.tgz#77cc341ae39584e12d3aadf6046fe420ff4c9340"
  integrity sha512-fvnX9tZbR7WfCG5BAy3yO/nCLyjVWD6MghEq0z5FDfN+ZXpLWNITBdbifxQkQ25ebr16G0N7eRWJisOcMEHG3Q==

object-hash@^2.0.1:
  version "2.2.0"
  resolved "https://registry.yarnpkg.com/object-hash/-/object-hash-2.2.0.tgz#5ad518581eefc443bd763472b8ff2e9c2c0d54a5"
  integrity sha512-gScRMn0bS5fH+IuwyIFgnh9zBdo4DV+6GhygmWM9HyNJSgS0hScp1f5vjtm7oIIOiT9trXrShAkLFSc2IqKNgw==

one-time@^1.0.0:
  version "1.0.0"
  resolved "https://registry.yarnpkg.com/one-time/-/one-time-1.0.0.tgz#e06bc174aed214ed58edede573b433bbf827cb45"
  integrity sha512-5DXOiRKwuSEcQ/l0kGCF6Q3jcADFv5tSmRaJck/OqkVFcOzutB134KRSfF0xDrL39MNnqxbHBbUUcjZIhTgb2g==
  dependencies:
    fn.name "1.x.x"

parse-ms@^2.1.0:
  version "2.1.0"
  resolved "https://registry.yarnpkg.com/parse-ms/-/parse-ms-2.1.0.tgz#348565a753d4391fa524029956b172cb7753097d"
  integrity sha512-kHt7kzLoS9VBZfUsiKjv43mr91ea+U05EyKkEtqp7vNbHxmaVuEqN7XxeEVnGrMtYOAxGrDElSi96K7EgO1zCA==

peek-readable@^5.0.0:
  version "5.0.0"
  resolved "https://registry.yarnpkg.com/peek-readable/-/peek-readable-5.0.0.tgz#7ead2aff25dc40458c60347ea76cfdfd63efdfec"
  integrity sha512-YtCKvLUOvwtMGmrniQPdO7MwPjgkFBtFIrmfSbYmYuq3tKDV/mcfAhBth1+C3ru7uXIZasc/pHnb+YDYNkkj4A==

pretty-ms@^7.0.1:
  version "7.0.1"
  resolved "https://registry.yarnpkg.com/pretty-ms/-/pretty-ms-7.0.1.tgz#7d903eaab281f7d8e03c66f867e239dc32fb73e8"
  integrity sha512-973driJZvxiGOQ5ONsFhOF/DtzPMOMtgC11kCpUrPGMTgqp2q/1gwzCquocrN33is0VZ5GFHXZYMM9l6h67v2Q==
  dependencies:
    parse-ms "^2.1.0"

readable-stream@^3.4.0, readable-stream@^3.6.0:
  version "3.6.0"
  resolved "https://registry.yarnpkg.com/readable-stream/-/readable-stream-3.6.0.tgz#337bbda3adc0706bd3e024426a286d4b4b2c9198"
  integrity sha512-BViHy7LKeTz4oNnkcLJ+lVSL6vpiFeX6/d3oSH8zCW7UxP2onchk+vTGB143xuFjHS3deTgkKoXXymXqymiIdA==
  dependencies:
    inherits "^2.0.3"
    string_decoder "^1.1.1"
    util-deprecate "^1.0.1"

readable-web-to-node-stream@^3.0.2:
  version "3.0.2"
  resolved "https://registry.yarnpkg.com/readable-web-to-node-stream/-/readable-web-to-node-stream-3.0.2.tgz#5d52bb5df7b54861fd48d015e93a2cb87b3ee0bb"
  integrity sha512-ePeK6cc1EcKLEhJFt/AebMCLL+GgSKhuygrZ/GLaKZYEecIgIECf4UaUuaByiGtzckwR4ain9VzUh95T1exYGw==
  dependencies:
    readable-stream "^3.6.0"

safe-buffer@~5.2.0:
  version "5.2.1"
  resolved "https://registry.yarnpkg.com/safe-buffer/-/safe-buffer-5.2.1.tgz#1eaf9fa9bdb1fdd4ec75f58f9cdb4e6b7827eec6"
  integrity sha512-rp3So07KcdmmKbGvgaNxQSJr7bGVSVk5S9Eq1F+ppbRo70+YeaDxkw5Dd8NPN+GD6bjnYm2VuPuCXmpuYvmCXQ==

safe-stable-stringify@^2.3.1:
  version "2.3.1"
  resolved "https://registry.yarnpkg.com/safe-stable-stringify/-/safe-stable-stringify-2.3.1.tgz#ab67cbe1fe7d40603ca641c5e765cb942d04fc73"
  integrity sha512-kYBSfT+troD9cDA85VDnHZ1rpHC50O0g1e6WlGHVCz/g+JS+9WKLj+XwFYyR8UbrZN8ll9HUpDAAddY58MGisg==

simple-swizzle@^0.2.2:
  version "0.2.2"
  resolved "https://registry.yarnpkg.com/simple-swizzle/-/simple-swizzle-0.2.2.tgz#a4da6b635ffcccca33f70d17cb92592de95e557a"
  integrity sha512-JA//kQgZtbuY83m+xT+tXJkmJncGMTFT+C+g2h2R9uxkYIrE2yy9sgmcLhCnw57/WSD+Eh3J97FPEDFnbXnDUg==
  dependencies:
    is-arrayish "^0.3.1"

stack-trace@0.0.x:
  version "0.0.10"
  resolved "https://registry.yarnpkg.com/stack-trace/-/stack-trace-0.0.10.tgz#547c70b347e8d32b4e108ea1a2a159e5fdde19c0"
  integrity sha512-KGzahc7puUKkzyMt+IqAep+TVNbKP+k2Lmwhub39m1AsTSkaDutx56aDCo+HLDzf/D26BIHTJWNiTG1KAJiQCg==

string_decoder@^1.1.1:
  version "1.3.0"
  resolved "https://registry.yarnpkg.com/string_decoder/-/string_decoder-1.3.0.tgz#42f114594a46cf1a8e30b0a84f56c78c3edac21e"
  integrity sha512-hkRX8U1WjJFd8LsDJ2yQ/wWWxaopEsABU1XfkM8A+j0+85JAGppt16cr1Whg6KIbb4okU6Mql6BOj+uup/wKeA==
  dependencies:
    safe-buffer "~5.2.0"

strtok3@^7.0.0-alpha.9:
  version "7.0.0"
  resolved "https://registry.yarnpkg.com/strtok3/-/strtok3-7.0.0.tgz#868c428b4ade64a8fd8fee7364256001c1a4cbe5"
  integrity sha512-pQ+V+nYQdC5H3Q7qBZAz/MO6lwGhoC2gOAjuouGf/VO0m7vQRh8QNMl2Uf6SwAtzZ9bOw3UIeBukEGNJl5dtXQ==
  dependencies:
    "@tokenizer/token" "^0.3.0"
    peek-readable "^5.0.0"

systeminformation@^5.12.6:
  version "5.12.6"
  resolved "https://registry.yarnpkg.com/systeminformation/-/systeminformation-5.12.6.tgz#b75d7aaf9f5da32439fc633d2be9eb741691d200"
  integrity sha512-FkCvT5BOuH1OE3+8lFM25oXIYJ0CM8kq4Wgvz2jyBTrsOIgha/6gdJXgbF4rv+g0j/5wJqQLDKan7kc/p7uIvw==

text-hex@1.0.x:
  version "1.0.0"
  resolved "https://registry.yarnpkg.com/text-hex/-/text-hex-1.0.0.tgz#69dc9c1b17446ee79a92bf5b884bb4b9127506f5"
  integrity sha512-uuVGNWzgJ4yhRaNSiubPY7OjISw4sw4E5Uv0wbjp+OzcbmVU/rsT8ujgcXJhn9ypzsgr5vlzpPqP+MBBKcGvbg==

token-types@^5.0.0-alpha.2:
  version "5.0.1"
  resolved "https://registry.yarnpkg.com/token-types/-/token-types-5.0.1.tgz#aa9d9e6b23c420a675e55413b180635b86a093b4"
  integrity sha512-Y2fmSnZjQdDb9W4w4r1tswlMHylzWIeOKpx0aZH9BgGtACHhrk3OkT52AzwcuqTRBZtvvnTjDBh8eynMulu8Vg==
  dependencies:
    "@tokenizer/token" "^0.3.0"
    ieee754 "^1.2.1"

triple-beam@^1.3.0:
  version "1.3.0"
  resolved "https://registry.yarnpkg.com/triple-beam/-/triple-beam-1.3.0.tgz#a595214c7298db8339eeeee083e4d10bd8cb8dd9"
  integrity sha512-XrHUvV5HpdLmIj4uVMxHggLbFSZYIn7HEWsqePZcI50pco+MPqJ50wMGY794X7AOOhxOBAjbkqfAbEe/QMp2Lw==

ts-mixer@^6.0.1:
  version "6.0.1"
  resolved "https://registry.yarnpkg.com/ts-mixer/-/ts-mixer-6.0.1.tgz#7c2627fb98047eb5f3c7f2fee39d1521d18fe87a"
  integrity sha512-hvE+ZYXuINrx6Ei6D6hz+PTim0Uf++dYbK9FFifLNwQj+RwKquhQpn868yZsCtJYiclZF1u8l6WZxxKi+vv7Rg==

tslib@^2.4.0:
  version "2.4.0"
  resolved "https://registry.yarnpkg.com/tslib/-/tslib-2.4.0.tgz#7cecaa7f073ce680a05847aa77be941098f36dc3"
  integrity sha512-d6xOpEDfsi2CZVlPQzGeux8XMwLT9hssAsaPYExaQMuYskwb+x1x7J371tWlbBdWHroy99KnVB6qIkUbs5X3UQ==

typescript@^4.8.2:
  version "4.8.2"
  resolved "https://registry.yarnpkg.com/typescript/-/typescript-4.8.2.tgz#e3b33d5ccfb5914e4eeab6699cf208adee3fd790"
  integrity sha512-C0I1UsrrDHo2fYI5oaCGbSejwX4ch+9Y5jTQELvovfmFkK3HHSZJB8MSJcWLmCUBzQBchCrZ9rMRV6GuNrvGtw==

undici@^5.9.1:
  version "5.10.0"
  resolved "https://registry.yarnpkg.com/undici/-/undici-5.10.0.tgz#dd9391087a90ccfbd007568db458674232ebf014"
  integrity sha512-c8HsD3IbwmjjbLvoZuRI26TZic+TSEe8FPMLLOkN1AfYRhdjnKBU6yL+IwcSCbdZiX4e5t0lfMDLDCqj4Sq70g==

util-deprecate@^1.0.1:
  version "1.0.2"
  resolved "https://registry.yarnpkg.com/util-deprecate/-/util-deprecate-1.0.2.tgz#450d4dc9fa70de732762fbd2d4a28981419a0ccf"
  integrity sha512-EPD5q1uXyFxJpCrLnCc1nHnq3gOa6DZBocAIiI2TaSCA7VCJ1UJDMagCzIkXNsUYfD1daK//LTEQ8xiIbrHtcw==

winston-daily-rotate-file@^4.7.1:
  version "4.7.1"
  resolved "https://registry.yarnpkg.com/winston-daily-rotate-file/-/winston-daily-rotate-file-4.7.1.tgz#f60a643af87f8867f23170d8cd87dbe3603a625f"
  integrity sha512-7LGPiYGBPNyGHLn9z33i96zx/bd71pjBn9tqQzO3I4Tayv94WPmBNwKC7CO1wPHdP9uvu+Md/1nr6VSH9h0iaA==
  dependencies:
    file-stream-rotator "^0.6.1"
    object-hash "^2.0.1"
    triple-beam "^1.3.0"
    winston-transport "^4.4.0"

winston-transport@^4.4.0, winston-transport@^4.5.0:
  version "4.5.0"
  resolved "https://registry.yarnpkg.com/winston-transport/-/winston-transport-4.5.0.tgz#6e7b0dd04d393171ed5e4e4905db265f7ab384fa"
  integrity sha512-YpZzcUzBedhlTAfJg6vJDlyEai/IFMIVcaEZZyl3UXIl4gmqRpU7AE89AHLkbzLUsv0NVmw7ts+iztqKxxPW1Q==
  dependencies:
    logform "^2.3.2"
    readable-stream "^3.6.0"
    triple-beam "^1.3.0"

winston@^3.8.1:
  version "3.8.1"
  resolved "https://registry.yarnpkg.com/winston/-/winston-3.8.1.tgz#76f15b3478cde170b780234e0c4cf805c5a7fb57"
  integrity sha512-r+6YAiCR4uI3N8eQNOg8k3P3PqwAm20cLKlzVD9E66Ch39+LZC+VH1UKf9JemQj2B3QoUHfKD7Poewn0Pr3Y1w==
  dependencies:
    "@dabh/diagnostics" "^2.0.2"
    async "^3.2.3"
    is-stream "^2.0.0"
    logform "^2.4.0"
    one-time "^1.0.0"
    readable-stream "^3.4.0"
    safe-stable-stringify "^2.3.1"
    stack-trace "0.0.x"
    triple-beam "^1.3.0"
    winston-transport "^4.5.0"

ws@^8.8.1:
  version "8.8.1"
  resolved "https://registry.yarnpkg.com/ws/-/ws-8.8.1.tgz#5dbad0feb7ade8ecc99b830c1d77c913d4955ff0"
  integrity sha512-bGy2JzvzkPowEJV++hF07hAD6niYSr0JzBNo/J29WsB57A2r7Wlc1UFcTR9IzrPvuNVO4B8LGqF8qcpsVOhJCA==
